
Microsoft Visual Studio Solution File, Format Version 12.00
# Visual Studio Version 17
VisualStudioVersion = 17.14.36301.6 d17.14
MinimumVisualStudioVersion = 10.0.40219.1
Project("{FAE04EC0-301F-11D3-BF4B-00C04F79EFBC}") = "InvestGame", "InvestGame.csproj", "{0B250761-42EB-43D1-AE73-58E1C501CCCB}"
EndProject
Global
	GlobalSection(SolutionConfigurationPlatforms) = preSolution
		Debug|Any CPU = Debug|Any CPU
		Release|Any CPU = Release|Any CPU
	EndGlobalSection
	GlobalSection(ProjectConfigurationPlatforms) = postSolution
		{0B250761-42EB-43D1-AE73-58E1C501CCCB}.Debug|Any CPU.ActiveCfg = Debug|Any CPU
		{0B250761-42EB-43D1-AE73-58E1C501CCCB}.Debug|Any CPU.Build.0 = Debug|Any CPU
		{0B250761-42EB-43D1-AE73-58E1C501CCCB}.Release|Any CPU.ActiveCfg = Release|Any CPU
		{0B250761-42EB-43D1-AE73-58E1C501CCCB}.Release|Any CPU.Build.0 = Release|Any CPU
	EndGlobalSection
	GlobalSection(SolutionProperties) = preSolution
		HideSolutionNode = FALSE
	EndGlobalSection
	GlobalSection(ExtensibilityGlobals) = postSolution
		SolutionGuid = {52087F7D-8ABB-43D2-873E-531408BDB64B}
	EndGlobalSection
EndGlobal
