
Microsoft Visual Studio Solution File, Format Version 12.00
# Visual Studio Version 17
VisualStudioVersion = 17.14.36408.4 d17.14
MinimumVisualStudioVersion = 10.0.40219.1
Project("{FAE04EC0-301F-11D3-BF4B-00C04F79EFBC}") = "Project2_Class", "Project2_Class\Project2_Class.csproj", "{D8B61544-03E3-454F-BEFF-1749F44B06EC}"
EndProject
Global
	GlobalSection(SolutionConfigurationPlatforms) = preSolution
		Debug|Any CPU = Debug|Any CPU
		Release|Any CPU = Release|Any CPU
	EndGlobalSection
	GlobalSection(ProjectConfigurationPlatforms) = postSolution
		{D8B61544-03E3-454F-BEFF-1749F44B06EC}.Debug|Any CPU.ActiveCfg = Debug|Any CPU
		{D8B61544-03E3-454F-BEFF-1749F44B06EC}.Debug|Any CPU.Build.0 = Debug|Any CPU
		{D8B61544-03E3-454F-BEFF-1749F44B06EC}.Release|Any CPU.ActiveCfg = Release|Any CPU
		{D8B61544-03E3-454F-BEFF-1749F44B06EC}.Release|Any CPU.Build.0 = Release|Any CPU
	EndGlobalSection
	GlobalSection(SolutionProperties) = preSolution
		HideSolutionNode = FALSE
	EndGlobalSection
	GlobalSection(ExtensibilityGlobals) = postSolution
		SolutionGuid = {3BBE54CD-6D8E-47F9-99A9-26BB4404BC3F}
	EndGlobalSection
EndGlobal
